
Microsoft Visual Studio Solution File, Format Version 12.00
# Visual Studio Version 16
VisualStudioVersion = 16.0.29424.173
MinimumVisualStudioVersion = 10.0.40219.1
Project("{FAE04EC0-301F-11D3-BF4B-00C04F79EFBC}") = "Caffeine Overflow", "Caffeine Overflow\Caffeine Overflow.csproj", "{B1DE217E-E94E-4BF6-8ABE-7E8317808B9E}"
EndProject
Global
	GlobalSection(SolutionConfigurationPlatforms) = preSolution
		Debug|Any CPU = Debug|Any CPU
		Release|Any CPU = Release|Any CPU
	EndGlobalSection
	GlobalSection(ProjectConfigurationPlatforms) = postSolution
		{B1DE217E-E94E-4BF6-8ABE-7E8317808B9E}.Debug|Any CPU.ActiveCfg = Debug|Any CPU
		{B1DE217E-E94E-4BF6-8ABE-7E8317808B9E}.Debug|Any CPU.Build.0 = Debug|Any CPU
		{B1DE217E-E94E-4BF6-8ABE-7E8317808B9E}.Release|Any CPU.ActiveCfg = Release|Any CPU
		{B1DE217E-E94E-4BF6-8ABE-7E8317808B9E}.Release|Any CPU.Build.0 = Release|Any CPU
	EndGlobalSection
	GlobalSection(SolutionProperties) = preSolution
		HideSolutionNode = FALSE
	EndGlobalSection
	GlobalSection(ExtensibilityGlobals) = postSolution
		SolutionGuid = {A1CF38AE-71E3-46C3-9EDD-0907E35C1D00}
	EndGlobalSection
EndGlobal
