
Microsoft Visual Studio Solution File, Format Version 12.00
# Visual Studio Version 16
VisualStudioVersion = 16.0.29201.188
MinimumVisualStudioVersion = 10.0.40219.1
Project("{FAE04EC0-301F-11D3-BF4B-00C04F79EFBC}") = "RentalApplication", "feb18\RentalApplication.csproj", "{3D05420E-CE4C-4D15-856B-5D3B8821916E}"
EndProject
Global
	GlobalSection(SolutionConfigurationPlatforms) = preSolution
		Debug|Any CPU = Debug|Any CPU
		Release|Any CPU = Release|Any CPU
	EndGlobalSection
	GlobalSection(ProjectConfigurationPlatforms) = postSolution
		{3D05420E-CE4C-4D15-856B-5D3B8821916E}.Debug|Any CPU.ActiveCfg = Debug|Any CPU
		{3D05420E-CE4C-4D15-856B-5D3B8821916E}.Debug|Any CPU.Build.0 = Debug|Any CPU
		{3D05420E-CE4C-4D15-856B-5D3B8821916E}.Release|Any CPU.ActiveCfg = Release|Any CPU
		{3D05420E-CE4C-4D15-856B-5D3B8821916E}.Release|Any CPU.Build.0 = Release|Any CPU
	EndGlobalSection
	GlobalSection(SolutionProperties) = preSolution
		HideSolutionNode = FALSE
	EndGlobalSection
	GlobalSection(ExtensibilityGlobals) = postSolution
		SolutionGuid = {5303677B-9D18-4784-AC19-7B3409DA75CE}
	EndGlobalSection
EndGlobal


here is my edit
