
Microsoft Visual Studio Solution File, Format Version 12.00
# Visual Studio Version 16
VisualStudioVersion = 16.0.30523.141
MinimumVisualStudioVersion = 10.0.40219.1
Project("{FAE04EC0-301F-11D3-BF4B-00C04F79EFBC}") = "caffeineOverflowV4", "caffeineOverflowV4\caffeineOverflowV4.csproj", "{BD99222C-27ED-4844-ACD4-93DAA8BB1006}"
EndProject
Global
	GlobalSection(SolutionConfigurationPlatforms) = preSolution
		Debug|Any CPU = Debug|Any CPU
		Release|Any CPU = Release|Any CPU
	EndGlobalSection
	GlobalSection(ProjectConfigurationPlatforms) = postSolution
		{BD99222C-27ED-4844-ACD4-93DAA8BB1006}.Debug|Any CPU.ActiveCfg = Debug|Any CPU
		{BD99222C-27ED-4844-ACD4-93DAA8BB1006}.Debug|Any CPU.Build.0 = Debug|Any CPU
		{BD99222C-27ED-4844-ACD4-93DAA8BB1006}.Release|Any CPU.ActiveCfg = Release|Any CPU
		{BD99222C-27ED-4844-ACD4-93DAA8BB1006}.Release|Any CPU.Build.0 = Release|Any CPU
	EndGlobalSection
	GlobalSection(SolutionProperties) = preSolution
		HideSolutionNode = FALSE
	EndGlobalSection
	GlobalSection(ExtensibilityGlobals) = postSolution
		SolutionGuid = {E9A91083-C4D8-4600-8C5E-B426D3D36005}
	EndGlobalSection
EndGlobal
